
Microsoft Visual Studio Solution File, Format Version 12.00
# Visual Studio 2015
Project("{FAE04EC0-301F-11D3-BF4B-00C04F79EFBC}") = "Ichi-ni Fighting", "Ichi-ni Fighting.csproj", "{6F60E584-F274-C35F-A793-2A825F234730}"
EndProject
Global
	GlobalSection(SolutionConfigurationPlatforms) = preSolution
		Debug|Any CPU = Debug|Any CPU
		Release|Any CPU = Release|Any CPU
	EndGlobalSection
	GlobalSection(ProjectConfigurationPlatforms) = postSolution
		{6F60E584-F274-C35F-A793-2A825F234730}.Debug|Any CPU.ActiveCfg = Debug|Any CPU
		{6F60E584-F274-C35F-A793-2A825F234730}.Debug|Any CPU.Build.0 = Debug|Any CPU
		{6F60E584-F274-C35F-A793-2A825F234730}.Release|Any CPU.ActiveCfg = Release|Any CPU
		{6F60E584-F274-C35F-A793-2A825F234730}.Release|Any CPU.Build.0 = Release|Any CPU
	EndGlobalSection
	GlobalSection(SolutionProperties) = preSolution
		HideSolutionNode = FALSE
	EndGlobalSection
EndGlobal
